{
  "name": "@payfacto/commoncss",
  "version": "1.0.0",
  "lockfileVersion": 1,
  "requires": true,
  "dependencies": {
    "commoncss": {
      "version": "git+https://github.com/MaximGrise/commoncss.git#58c3bd4e9d44a10cd039dd912bacf12378ee7f8f",
      "from": "git+https://github.com/MaximGrise/commoncss.git",
      "dev": true
    }
  }
}
